// !$*UTF8*$!
{
	archiveVersion = 1;
	classes = {
	};
	objectVersion = 50;
	objects = {

/* Begin PBXBuildFile section */
		70CE537C4F8D91D01131FF75 /* libPods-GitHub.a in Frameworks */ = {isa = PBXBuildFile; fileRef = 358BFE195A818DE90EEFE9DD /* libPods-GitHub.a */; };
		CC2A1B5A2251F1CD00F3288E /* YBHud.m in Sources */ = {isa = PBXBuildFile; fileRef = CC2A1B582251F1CD00F3288E /* YBHud.m */; };
		CC2A1BA42251F2C900F3288E /* DGActivityIndicatorView.m in Sources */ = {isa = PBXBuildFile; fileRef = CC2A1B5D2251F2C800F3288E /* DGActivityIndicatorView.m */; };
		CC2A1BA52251F2C900F3288E /* DGActivityIndicatorTriangleSkewSpinAnimation.m in Sources */ = {isa = PBXBuildFile; fileRef = CC2A1B612251F2C800F3288E /* DGActivityIndicatorTriangleSkewSpinAnimation.m */; };
		CC2A1BA62251F2C900F3288E /* DGActivityIndicatorTripleRingsAnimation.m in Sources */ = {isa = PBXBuildFile; fileRef = CC2A1B622251F2C800F3288E /* DGActivityIndicatorTripleRingsAnimation.m */; };
		CC2A1BA72251F2C900F3288E /* DGActivityIndicatorBallGridPulseAnimation.m in Sources */ = {isa = PBXBuildFile; fileRef = CC2A1B692251F2C800F3288E /* DGActivityIndicatorBallGridPulseAnimation.m */; };
		CC2A1BA82251F2C900F3288E /* DGActivityIndicatorBallClipRotatePulseAnimation.m in Sources */ = {isa = PBXBuildFile; fileRef = CC2A1B6B2251F2C800F3288E /* DGActivityIndicatorBallClipRotatePulseAnimation.m */; };
		CC2A1BA92251F2C900F3288E /* DGActivityIndicatorTriplePulseAnimation.m in Sources */ = {isa = PBXBuildFile; fileRef = CC2A1B6C2251F2C800F3288E /* DGActivityIndicatorTriplePulseAnimation.m */; };
		CC2A1BAA2251F2C900F3288E /* DGActivityIndicatorAnimation.m in Sources */ = {isa = PBXBuildFile; fileRef = CC2A1B6F2251F2C900F3288E /* DGActivityIndicatorAnimation.m */; };
		CC2A1BAB2251F2C900F3288E /* DGActivityIndicatorRotatingSquaresAnimation.m in Sources */ = {isa = PBXBuildFile; fileRef = CC2A1B722251F2C900F3288E /* DGActivityIndicatorRotatingSquaresAnimation.m */; };
		CC2A1BAC2251F2C900F3288E /* DGActivityIndicatorBallScaleMultipleAnimation.m in Sources */ = {isa = PBXBuildFile; fileRef = CC2A1B742251F2C900F3288E /* DGActivityIndicatorBallScaleMultipleAnimation.m */; };
		CC2A1BAD2251F2C900F3288E /* DGActivityIndicatorBallScaleRippleAnimation.m in Sources */ = {isa = PBXBuildFile; fileRef = CC2A1B772251F2C900F3288E /* DGActivityIndicatorBallScaleRippleAnimation.m */; };
		CC2A1BAE2251F2C900F3288E /* DGActivityIndicatorBallRotateAnimation.m in Sources */ = {isa = PBXBuildFile; fileRef = CC2A1B782251F2C900F3288E /* DGActivityIndicatorBallRotateAnimation.m */; };
		CC2A1BAF2251F2C900F3288E /* DGActivityIndicatorBallZigZagAnimation.m in Sources */ = {isa = PBXBuildFile; fileRef = CC2A1B792251F2C900F3288E /* DGActivityIndicatorBallZigZagAnimation.m */; };
		CC2A1BB02251F2C900F3288E /* DGActivityIndicatorThreeDotsAnimation.m in Sources */ = {isa = PBXBuildFile; fileRef = CC2A1B7A2251F2C900F3288E /* DGActivityIndicatorThreeDotsAnimation.m */; };
		CC2A1BB12251F2C900F3288E /* DGActivityIndicatorLineScalePulseOutAnimation.m in Sources */ = {isa = PBXBuildFile; fileRef = CC2A1B7B2251F2C900F3288E /* DGActivityIndicatorLineScalePulseOutAnimation.m */; };
		CC2A1BB22251F2C900F3288E /* DGActivityIndicatorDoubleBounceAnimation.m in Sources */ = {isa = PBXBuildFile; fileRef = CC2A1B7C2251F2C900F3288E /* DGActivityIndicatorDoubleBounceAnimation.m */; };
		CC2A1BB32251F2C900F3288E /* DGActivityIndicatorCookieTerminatorAnimation.m in Sources */ = {isa = PBXBuildFile; fileRef = CC2A1B802251F2C900F3288E /* DGActivityIndicatorCookieTerminatorAnimation.m */; };
		CC2A1BB42251F2C900F3288E /* DGActivityIndicatorLineScalePartyAnimation.m in Sources */ = {isa = PBXBuildFile; fileRef = CC2A1B812251F2C900F3288E /* DGActivityIndicatorLineScalePartyAnimation.m */; };
		CC2A1BB52251F2C900F3288E /* DGActivityIndicatorLineScaleAnimation.m in Sources */ = {isa = PBXBuildFile; fileRef = CC2A1B822251F2C900F3288E /* DGActivityIndicatorLineScaleAnimation.m */; };
		CC2A1BB62251F2C900F3288E /* DGActivityIndicatorBallGridBeatAnimation.m in Sources */ = {isa = PBXBuildFile; fileRef = CC2A1B832251F2C900F3288E /* DGActivityIndicatorBallGridBeatAnimation.m */; };
		CC2A1BB72251F2C900F3288E /* DGActivityIndicatorBallClipRotateMultipleAnimation.m in Sources */ = {isa = PBXBuildFile; fileRef = CC2A1B852251F2C900F3288E /* DGActivityIndicatorBallClipRotateMultipleAnimation.m */; };
		CC2A1BB82251F2C900F3288E /* DGActivityIndicatorBallTrianglePathAnimation.m in Sources */ = {isa = PBXBuildFile; fileRef = CC2A1B872251F2C900F3288E /* DGActivityIndicatorBallTrianglePathAnimation.m */; };
		CC2A1BB92251F2C900F3288E /* DGActivityIndicatorRotatingSandglassAnimation.m in Sources */ = {isa = PBXBuildFile; fileRef = CC2A1B892251F2C900F3288E /* DGActivityIndicatorRotatingSandglassAnimation.m */; };
		CC2A1BBA2251F2C900F3288E /* DGActivityIndicatorBallPulseAnimation.m in Sources */ = {isa = PBXBuildFile; fileRef = CC2A1B8A2251F2C900F3288E /* DGActivityIndicatorBallPulseAnimation.m */; };
		CC2A1BBB2251F2C900F3288E /* DGActivityIndicatorBallPulseSyncAnimation.m in Sources */ = {isa = PBXBuildFile; fileRef = CC2A1B8B2251F2C900F3288E /* DGActivityIndicatorBallPulseSyncAnimation.m */; };
		CC2A1BBC2251F2C900F3288E /* DGActivityIndicatorBallScaleAnimation.m in Sources */ = {isa = PBXBuildFile; fileRef = CC2A1B8E2251F2C900F3288E /* DGActivityIndicatorBallScaleAnimation.m */; };
		CC2A1BBD2251F2C900F3288E /* DGActivityIndicatorFiveDotsAnimation.m in Sources */ = {isa = PBXBuildFile; fileRef = CC2A1B8F2251F2C900F3288E /* DGActivityIndicatorFiveDotsAnimation.m */; };
		CC2A1BBE2251F2C900F3288E /* DGActivityIndicatorBallScaleRippleMultipleAnimation.m in Sources */ = {isa = PBXBuildFile; fileRef = CC2A1B912251F2C900F3288E /* DGActivityIndicatorBallScaleRippleMultipleAnimation.m */; };
		CC2A1BBF2251F2C900F3288E /* DGActivityIndicatorNineDotsAnimation.m in Sources */ = {isa = PBXBuildFile; fileRef = CC2A1B922251F2C900F3288E /* DGActivityIndicatorNineDotsAnimation.m */; };
		CC2A1BC02251F2C900F3288E /* DGActivityIndicatorTwoDotsAnimation.m in Sources */ = {isa = PBXBuildFile; fileRef = CC2A1B932251F2C900F3288E /* DGActivityIndicatorTwoDotsAnimation.m */; };
		CC2A1BC12251F2C900F3288E /* DGActivityIndicatorBallSpinFadeLoader.m in Sources */ = {isa = PBXBuildFile; fileRef = CC2A1B962251F2C900F3288E /* DGActivityIndicatorBallSpinFadeLoader.m */; };
		CC2A1BC22251F2C900F3288E /* DGActivityIndicatorBallZigZagDeflectAnimation.m in Sources */ = {isa = PBXBuildFile; fileRef = CC2A1B972251F2C900F3288E /* DGActivityIndicatorBallZigZagDeflectAnimation.m */; };
		CC2A1BC32251F2C900F3288E /* DGActivityIndicatorBallBeatAnimation.m in Sources */ = {isa = PBXBuildFile; fileRef = CC2A1B992251F2C900F3288E /* DGActivityIndicatorBallBeatAnimation.m */; };
		CC2A1BC42251F2C900F3288E /* DGActivityIndicatorRotatingTrigonAnimation.m in Sources */ = {isa = PBXBuildFile; fileRef = CC2A1B9C2251F2C900F3288E /* DGActivityIndicatorRotatingTrigonAnimation.m */; };
		CC2A1BC52251F2C900F3288E /* DGActivityIndicatorBallClipRotateAnimation.m in Sources */ = {isa = PBXBuildFile; fileRef = CC2A1B9E2251F2C900F3288E /* DGActivityIndicatorBallClipRotateAnimation.m */; };
		CC2A1BC62251F2C900F3288E /* DGActivityIndicatorLineScalePulseOutRapidAnimation.m in Sources */ = {isa = PBXBuildFile; fileRef = CC2A1B9F2251F2C900F3288E /* DGActivityIndicatorLineScalePulseOutRapidAnimation.m */; };
		CC3A194B224CF7BD0055E798 /* EmptyState.m in Sources */ = {isa = PBXBuildFile; fileRef = CC3A1948224CF7BC0055E798 /* EmptyState.m */; };
		CC3A194C224CF7BD0055E798 /* EmptyState.xib in Resources */ = {isa = PBXBuildFile; fileRef = CC3A1949224CF7BC0055E798 /* EmptyState.xib */; };
		CC4E92FF225B155200F6E66C /* LoadingCell.m in Sources */ = {isa = PBXBuildFile; fileRef = CC4E92FD225B155200F6E66C /* LoadingCell.m */; };
		CC4E9300225B155200F6E66C /* LoadingCell.xib in Resources */ = {isa = PBXBuildFile; fileRef = CC4E92FE225B155200F6E66C /* LoadingCell.xib */; };
		CC884D4E224E05FB00509023 /* ApiManager.m in Sources */ = {isa = PBXBuildFile; fileRef = CC884D4D224E05FB00509023 /* ApiManager.m */; };
		CC884D53224E0ACD00509023 /* Reachability.m in Sources */ = {isa = PBXBuildFile; fileRef = CC884D51224E0ACD00509023 /* Reachability.m */; };
		CC884D57224E0EE800509023 /* GitRepo.m in Sources */ = {isa = PBXBuildFile; fileRef = CC884D56224E0EE800509023 /* GitRepo.m */; };
		CCA75565224E2FBA000A32F6 /* GitRepoCell.xib in Resources */ = {isa = PBXBuildFile; fileRef = CCA75560224E2FBA000A32F6 /* GitRepoCell.xib */; };
		CCA75566224E2FBA000A32F6 /* GitListViewController.m in Sources */ = {isa = PBXBuildFile; fileRef = CCA75563224E2FBA000A32F6 /* GitListViewController.m */; };
		CCA75567224E2FBA000A32F6 /* GitRepoCell.m in Sources */ = {isa = PBXBuildFile; fileRef = CCA75564224E2FBA000A32F6 /* GitRepoCell.m */; };
		CCF20583224CC8D800E1A740 /* AppDelegate.m in Sources */ = {isa = PBXBuildFile; fileRef = CCF20582224CC8D800E1A740 /* AppDelegate.m */; };
		CCF20589224CC8D800E1A740 /* Main.storyboard in Resources */ = {isa = PBXBuildFile; fileRef = CCF20587224CC8D800E1A740 /* Main.storyboard */; };
		CCF2058B224CC8D900E1A740 /* Assets.xcassets in Resources */ = {isa = PBXBuildFile; fileRef = CCF2058A224CC8D900E1A740 /* Assets.xcassets */; };
		CCF2058E224CC8D900E1A740 /* LaunchScreen.storyboard in Resources */ = {isa = PBXBuildFile; fileRef = CCF2058C224CC8D900E1A740 /* LaunchScreen.storyboard */; };
		CCF20591224CC8D900E1A740 /* main.m in Sources */ = {isa = PBXBuildFile; fileRef = CCF20590224CC8D900E1A740 /* main.m */; };
/* End PBXBuildFile section */

/* Begin PBXFileReference section */
		19EBACFA5D8F55CB019F8B75 /* Pods-GitHub.release.xcconfig */ = {isa = PBXFileReference; includeInIndex = 1; lastKnownFileType = text.xcconfig; name = "Pods-GitHub.release.xcconfig"; path = "Pods/Target Support Files/Pods-GitHub/Pods-GitHub.release.xcconfig"; sourceTree = "<group>"; };
		358BFE195A818DE90EEFE9DD /* libPods-GitHub.a */ = {isa = PBXFileReference; explicitFileType = archive.ar; includeInIndex = 0; path = "libPods-GitHub.a"; sourceTree = BUILT_PRODUCTS_DIR; };
		985ACA58C84546E262FC2434 /* Pods-GitHub.debug.xcconfig */ = {isa = PBXFileReference; includeInIndex = 1; lastKnownFileType = text.xcconfig; name = "Pods-GitHub.debug.xcconfig"; path = "Pods/Target Support Files/Pods-GitHub/Pods-GitHub.debug.xcconfig"; sourceTree = "<group>"; };
		CC2A1B582251F1CD00F3288E /* YBHud.m */ = {isa = PBXFileReference; fileEncoding = 4; lastKnownFileType = sourcecode.c.objc; path = YBHud.m; sourceTree = "<group>"; };
		CC2A1B592251F1CD00F3288E /* YBHud.h */ = {isa = PBXFileReference; fileEncoding = 4; lastKnownFileType = sourcecode.c.h; path = YBHud.h; sourceTree = "<group>"; };
		CC2A1B5C2251F2C800F3288E /* DGActivityIndicatorView.h */ = {isa = PBXFileReference; fileEncoding = 4; lastKnownFileType = sourcecode.c.h; path = DGActivityIndicatorView.h; sourceTree = "<group>"; };
		CC2A1B5D2251F2C800F3288E /* DGActivityIndicatorView.m */ = {isa = PBXFileReference; fileEncoding = 4; lastKnownFileType = sourcecode.c.objc; path = DGActivityIndicatorView.m; sourceTree = "<group>"; };
		CC2A1B5E2251F2C800F3288E /* DGActivityIndicatorAnimationProtocol.h */ = {isa = PBXFileReference; fileEncoding = 4; lastKnownFileType = sourcecode.c.h; path = DGActivityIndicatorAnimationProtocol.h; sourceTree = "<group>"; };
		CC2A1B602251F2C800F3288E /* DGActivityIndicatorBallClipRotateMultipleAnimation.h */ = {isa = PBXFileReference; fileEncoding = 4; lastKnownFileType = sourcecode.c.h; path = DGActivityIndicatorBallClipRotateMultipleAnimation.h; sourceTree = "<group>"; };
		CC2A1B612251F2C800F3288E /* DGActivityIndicatorTriangleSkewSpinAnimation.m */ = {isa = PBXFileReference; fileEncoding = 4; lastKnownFileType = sourcecode.c.objc; path = DGActivityIndicatorTriangleSkewSpinAnimation.m; sourceTree = "<group>"; };
		CC2A1B622251F2C800F3288E /* DGActivityIndicatorTripleRingsAnimation.m */ = {isa = PBXFileReference; fileEncoding = 4; lastKnownFileType = sourcecode.c.objc; path = DGActivityIndicatorTripleRingsAnimation.m; sourceTree = "<group>"; };
		CC2A1B632251F2C800F3288E /* DGActivityIndicatorBallGridBeatAnimation.h */ = {isa = PBXFileReference; fileEncoding = 4; lastKnownFileType = sourcecode.c.h; path = DGActivityIndicatorBallGridBeatAnimation.h; sourceTree = "<group>"; };
		CC2A1B642251F2C800F3288E /* DGActivityIndicatorLineScaleAnimation.h */ = {isa = PBXFileReference; fileEncoding = 4; lastKnownFileType = sourcecode.c.h; path = DGActivityIndicatorLineScaleAnimation.h; sourceTree = "<group>"; };
		CC2A1B652251F2C800F3288E /* DGActivityIndicatorTwoDotsAnimation.h */ = {isa = PBXFileReference; fileEncoding = 4; lastKnownFileType = sourcecode.c.h; path = DGActivityIndicatorTwoDotsAnimation.h; sourceTree = "<group>"; };
		CC2A1B662251F2C800F3288E /* DGActivityIndicatorNineDotsAnimation.h */ = {isa = PBXFileReference; fileEncoding = 4; lastKnownFileType = sourcecode.c.h; path = DGActivityIndicatorNineDotsAnimation.h; sourceTree = "<group>"; };
		CC2A1B672251F2C800F3288E /* DGActivityIndicatorBallScaleRippleMultipleAnimation.h */ = {isa = PBXFileReference; fileEncoding = 4; lastKnownFileType = sourcecode.c.h; path = DGActivityIndicatorBallScaleRippleMultipleAnimation.h; sourceTree = "<group>"; };
		CC2A1B682251F2C800F3288E /* DGActivityIndicatorFiveDotsAnimation.h */ = {isa = PBXFileReference; fileEncoding = 4; lastKnownFileType = sourcecode.c.h; path = DGActivityIndicatorFiveDotsAnimation.h; sourceTree = "<group>"; };
		CC2A1B692251F2C800F3288E /* DGActivityIndicatorBallGridPulseAnimation.m */ = {isa = PBXFileReference; fileEncoding = 4; lastKnownFileType = sourcecode.c.objc; path = DGActivityIndicatorBallGridPulseAnimation.m; sourceTree = "<group>"; };
		CC2A1B6A2251F2C800F3288E /* DGActivityIndicatorBallScaleAnimation.h */ = {isa = PBXFileReference; fileEncoding = 4; lastKnownFileType = sourcecode.c.h; path = DGActivityIndicatorBallScaleAnimation.h; sourceTree = "<group>"; };
		CC2A1B6B2251F2C800F3288E /* DGActivityIndicatorBallClipRotatePulseAnimation.m */ = {isa = PBXFileReference; fileEncoding = 4; lastKnownFileType = sourcecode.c.objc; path = DGActivityIndicatorBallClipRotatePulseAnimation.m; sourceTree = "<group>"; };
		CC2A1B6C2251F2C800F3288E /* DGActivityIndicatorTriplePulseAnimation.m */ = {isa = PBXFileReference; fileEncoding = 4; lastKnownFileType = sourcecode.c.objc; path = DGActivityIndicatorTriplePulseAnimation.m; sourceTree = "<group>"; };
		CC2A1B6D2251F2C800F3288E /* DGActivityIndicatorBallPulseSyncAnimation.h */ = {isa = PBXFileReference; fileEncoding = 4; lastKnownFileType = sourcecode.c.h; path = DGActivityIndicatorBallPulseSyncAnimation.h; sourceTree = "<group>"; };
		CC2A1B6E2251F2C900F3288E /* DGActivityIndicatorBallPulseAnimation.h */ = {isa = PBXFileReference; fileEncoding = 4; lastKnownFileType = sourcecode.c.h; path = DGActivityIndicatorBallPulseAnimation.h; sourceTree = "<group>"; };
		CC2A1B6F2251F2C900F3288E /* DGActivityIndicatorAnimation.m */ = {isa = PBXFileReference; fileEncoding = 4; lastKnownFileType = sourcecode.c.objc; path = DGActivityIndicatorAnimation.m; sourceTree = "<group>"; };
		CC2A1B702251F2C900F3288E /* DGActivityIndicatorRotatingSandglassAnimation.h */ = {isa = PBXFileReference; fileEncoding = 4; lastKnownFileType = sourcecode.c.h; path = DGActivityIndicatorRotatingSandglassAnimation.h; sourceTree = "<group>"; };
		CC2A1B712251F2C900F3288E /* DGActivityIndicatorBallTrianglePathAnimation.h */ = {isa = PBXFileReference; fileEncoding = 4; lastKnownFileType = sourcecode.c.h; path = DGActivityIndicatorBallTrianglePathAnimation.h; sourceTree = "<group>"; };
		CC2A1B722251F2C900F3288E /* DGActivityIndicatorRotatingSquaresAnimation.m */ = {isa = PBXFileReference; fileEncoding = 4; lastKnownFileType = sourcecode.c.objc; path = DGActivityIndicatorRotatingSquaresAnimation.m; sourceTree = "<group>"; };
		CC2A1B732251F2C900F3288E /* DGActivityIndicatorBallBeatAnimation.h */ = {isa = PBXFileReference; fileEncoding = 4; lastKnownFileType = sourcecode.c.h; path = DGActivityIndicatorBallBeatAnimation.h; sourceTree = "<group>"; };
		CC2A1B742251F2C900F3288E /* DGActivityIndicatorBallScaleMultipleAnimation.m */ = {isa = PBXFileReference; fileEncoding = 4; lastKnownFileType = sourcecode.c.objc; path = DGActivityIndicatorBallScaleMultipleAnimation.m; sourceTree = "<group>"; };
		CC2A1B752251F2C900F3288E /* DGActivityIndicatorBallZigZagDeflectAnimation.h */ = {isa = PBXFileReference; fileEncoding = 4; lastKnownFileType = sourcecode.c.h; path = DGActivityIndicatorBallZigZagDeflectAnimation.h; sourceTree = "<group>"; };
		CC2A1B762251F2C900F3288E /* DGActivityIndicatorBallSpinFadeLoader.h */ = {isa = PBXFileReference; fileEncoding = 4; lastKnownFileType = sourcecode.c.h; path = DGActivityIndicatorBallSpinFadeLoader.h; sourceTree = "<group>"; };
		CC2A1B772251F2C900F3288E /* DGActivityIndicatorBallScaleRippleAnimation.m */ = {isa = PBXFileReference; fileEncoding = 4; lastKnownFileType = sourcecode.c.objc; path = DGActivityIndicatorBallScaleRippleAnimation.m; sourceTree = "<group>"; };
		CC2A1B782251F2C900F3288E /* DGActivityIndicatorBallRotateAnimation.m */ = {isa = PBXFileReference; fileEncoding = 4; lastKnownFileType = sourcecode.c.objc; path = DGActivityIndicatorBallRotateAnimation.m; sourceTree = "<group>"; };
		CC2A1B792251F2C900F3288E /* DGActivityIndicatorBallZigZagAnimation.m */ = {isa = PBXFileReference; fileEncoding = 4; lastKnownFileType = sourcecode.c.objc; path = DGActivityIndicatorBallZigZagAnimation.m; sourceTree = "<group>"; };
		CC2A1B7A2251F2C900F3288E /* DGActivityIndicatorThreeDotsAnimation.m */ = {isa = PBXFileReference; fileEncoding = 4; lastKnownFileType = sourcecode.c.objc; path = DGActivityIndicatorThreeDotsAnimation.m; sourceTree = "<group>"; };
		CC2A1B7B2251F2C900F3288E /* DGActivityIndicatorLineScalePulseOutAnimation.m */ = {isa = PBXFileReference; fileEncoding = 4; lastKnownFileType = sourcecode.c.objc; path = DGActivityIndicatorLineScalePulseOutAnimation.m; sourceTree = "<group>"; };
		CC2A1B7C2251F2C900F3288E /* DGActivityIndicatorDoubleBounceAnimation.m */ = {isa = PBXFileReference; fileEncoding = 4; lastKnownFileType = sourcecode.c.objc; path = DGActivityIndicatorDoubleBounceAnimation.m; sourceTree = "<group>"; };
		CC2A1B7D2251F2C900F3288E /* DGActivityIndicatorLineScalePulseOutRapidAnimation.h */ = {isa = PBXFileReference; fileEncoding = 4; lastKnownFileType = sourcecode.c.h; path = DGActivityIndicatorLineScalePulseOutRapidAnimation.h; sourceTree = "<group>"; };
		CC2A1B7E2251F2C900F3288E /* DGActivityIndicatorBallClipRotateAnimation.h */ = {isa = PBXFileReference; fileEncoding = 4; lastKnownFileType = sourcecode.c.h; path = DGActivityIndicatorBallClipRotateAnimation.h; sourceTree = "<group>"; };
		CC2A1B7F2251F2C900F3288E /* DGActivityIndicatorRotatingTrigonAnimation.h */ = {isa = PBXFileReference; fileEncoding = 4; lastKnownFileType = sourcecode.c.h; path = DGActivityIndicatorRotatingTrigonAnimation.h; sourceTree = "<group>"; };
		CC2A1B802251F2C900F3288E /* DGActivityIndicatorCookieTerminatorAnimation.m */ = {isa = PBXFileReference; fileEncoding = 4; lastKnownFileType = sourcecode.c.objc; path = DGActivityIndicatorCookieTerminatorAnimation.m; sourceTree = "<group>"; };
		CC2A1B812251F2C900F3288E /* DGActivityIndicatorLineScalePartyAnimation.m */ = {isa = PBXFileReference; fileEncoding = 4; lastKnownFileType = sourcecode.c.objc; path = DGActivityIndicatorLineScalePartyAnimation.m; sourceTree = "<group>"; };
		CC2A1B822251F2C900F3288E /* DGActivityIndicatorLineScaleAnimation.m */ = {isa = PBXFileReference; fileEncoding = 4; lastKnownFileType = sourcecode.c.objc; path = DGActivityIndicatorLineScaleAnimation.m; sourceTree = "<group>"; };
		CC2A1B832251F2C900F3288E /* DGActivityIndicatorBallGridBeatAnimation.m */ = {isa = PBXFileReference; fileEncoding = 4; lastKnownFileType = sourcecode.c.objc; path = DGActivityIndicatorBallGridBeatAnimation.m; sourceTree = "<group>"; };
		CC2A1B842251F2C900F3288E /* DGActivityIndicatorTriangleSkewSpinAnimation.h */ = {isa = PBXFileReference; fileEncoding = 4; lastKnownFileType = sourcecode.c.h; path = DGActivityIndicatorTriangleSkewSpinAnimation.h; sourceTree = "<group>"; };
		CC2A1B852251F2C900F3288E /* DGActivityIndicatorBallClipRotateMultipleAnimation.m */ = {isa = PBXFileReference; fileEncoding = 4; lastKnownFileType = sourcecode.c.objc; path = DGActivityIndicatorBallClipRotateMultipleAnimation.m; sourceTree = "<group>"; };
		CC2A1B862251F2C900F3288E /* DGActivityIndicatorTripleRingsAnimation.h */ = {isa = PBXFileReference; fileEncoding = 4; lastKnownFileType = sourcecode.c.h; path = DGActivityIndicatorTripleRingsAnimation.h; sourceTree = "<group>"; };
		CC2A1B872251F2C900F3288E /* DGActivityIndicatorBallTrianglePathAnimation.m */ = {isa = PBXFileReference; fileEncoding = 4; lastKnownFileType = sourcecode.c.objc; path = DGActivityIndicatorBallTrianglePathAnimation.m; sourceTree = "<group>"; };
		CC2A1B882251F2C900F3288E /* DGActivityIndicatorAnimation.h */ = {isa = PBXFileReference; fileEncoding = 4; lastKnownFileType = sourcecode.c.h; path = DGActivityIndicatorAnimation.h; sourceTree = "<group>"; };
		CC2A1B892251F2C900F3288E /* DGActivityIndicatorRotatingSandglassAnimation.m */ = {isa = PBXFileReference; fileEncoding = 4; lastKnownFileType = sourcecode.c.objc; path = DGActivityIndicatorRotatingSandglassAnimation.m; sourceTree = "<group>"; };
		CC2A1B8A2251F2C900F3288E /* DGActivityIndicatorBallPulseAnimation.m */ = {isa = PBXFileReference; fileEncoding = 4; lastKnownFileType = sourcecode.c.objc; path = DGActivityIndicatorBallPulseAnimation.m; sourceTree = "<group>"; };
		CC2A1B8B2251F2C900F3288E /* DGActivityIndicatorBallPulseSyncAnimation.m */ = {isa = PBXFileReference; fileEncoding = 4; lastKnownFileType = sourcecode.c.objc; path = DGActivityIndicatorBallPulseSyncAnimation.m; sourceTree = "<group>"; };
		CC2A1B8C2251F2C900F3288E /* DGActivityIndicatorTriplePulseAnimation.h */ = {isa = PBXFileReference; fileEncoding = 4; lastKnownFileType = sourcecode.c.h; path = DGActivityIndicatorTriplePulseAnimation.h; sourceTree = "<group>"; };
		CC2A1B8D2251F2C900F3288E /* DGActivityIndicatorBallClipRotatePulseAnimation.h */ = {isa = PBXFileReference; fileEncoding = 4; lastKnownFileType = sourcecode.c.h; path = DGActivityIndicatorBallClipRotatePulseAnimation.h; sourceTree = "<group>"; };
		CC2A1B8E2251F2C900F3288E /* DGActivityIndicatorBallScaleAnimation.m */ = {isa = PBXFileReference; fileEncoding = 4; lastKnownFileType = sourcecode.c.objc; path = DGActivityIndicatorBallScaleAnimation.m; sourceTree = "<group>"; };
		CC2A1B8F2251F2C900F3288E /* DGActivityIndicatorFiveDotsAnimation.m */ = {isa = PBXFileReference; fileEncoding = 4; lastKnownFileType = sourcecode.c.objc; path = DGActivityIndicatorFiveDotsAnimation.m; sourceTree = "<group>"; };
		CC2A1B902251F2C900F3288E /* DGActivityIndicatorBallGridPulseAnimation.h */ = {isa = PBXFileReference; fileEncoding = 4; lastKnownFileType = sourcecode.c.h; path = DGActivityIndicatorBallGridPulseAnimation.h; sourceTree = "<group>"; };
		CC2A1B912251F2C900F3288E /* DGActivityIndicatorBallScaleRippleMultipleAnimation.m */ = {isa = PBXFileReference; fileEncoding = 4; lastKnownFileType = sourcecode.c.objc; path = DGActivityIndicatorBallScaleRippleMultipleAnimation.m; sourceTree = "<group>"; };
		CC2A1B922251F2C900F3288E /* DGActivityIndicatorNineDotsAnimation.m */ = {isa = PBXFileReference; fileEncoding = 4; lastKnownFileType = sourcecode.c.objc; path = DGActivityIndicatorNineDotsAnimation.m; sourceTree = "<group>"; };
		CC2A1B932251F2C900F3288E /* DGActivityIndicatorTwoDotsAnimation.m */ = {isa = PBXFileReference; fileEncoding = 4; lastKnownFileType = sourcecode.c.objc; path = DGActivityIndicatorTwoDotsAnimation.m; sourceTree = "<group>"; };
		CC2A1B942251F2C900F3288E /* DGActivityIndicatorBallRotateAnimation.h */ = {isa = PBXFileReference; fileEncoding = 4; lastKnownFileType = sourcecode.c.h; path = DGActivityIndicatorBallRotateAnimation.h; sourceTree = "<group>"; };
		CC2A1B952251F2C900F3288E /* DGActivityIndicatorBallScaleRippleAnimation.h */ = {isa = PBXFileReference; fileEncoding = 4; lastKnownFileType = sourcecode.c.h; path = DGActivityIndicatorBallScaleRippleAnimation.h; sourceTree = "<group>"; };
		CC2A1B962251F2C900F3288E /* DGActivityIndicatorBallSpinFadeLoader.m */ = {isa = PBXFileReference; fileEncoding = 4; lastKnownFileType = sourcecode.c.objc; path = DGActivityIndicatorBallSpinFadeLoader.m; sourceTree = "<group>"; };
		CC2A1B972251F2C900F3288E /* DGActivityIndicatorBallZigZagDeflectAnimation.m */ = {isa = PBXFileReference; fileEncoding = 4; lastKnownFileType = sourcecode.c.objc; path = DGActivityIndicatorBallZigZagDeflectAnimation.m; sourceTree = "<group>"; };
		CC2A1B982251F2C900F3288E /* DGActivityIndicatorBallScaleMultipleAnimation.h */ = {isa = PBXFileReference; fileEncoding = 4; lastKnownFileType = sourcecode.c.h; path = DGActivityIndicatorBallScaleMultipleAnimation.h; sourceTree = "<group>"; };
		CC2A1B992251F2C900F3288E /* DGActivityIndicatorBallBeatAnimation.m */ = {isa = PBXFileReference; fileEncoding = 4; lastKnownFileType = sourcecode.c.objc; path = DGActivityIndicatorBallBeatAnimation.m; sourceTree = "<group>"; };
		CC2A1B9A2251F2C900F3288E /* DGActivityIndicatorRotatingSquaresAnimation.h */ = {isa = PBXFileReference; fileEncoding = 4; lastKnownFileType = sourcecode.c.h; path = DGActivityIndicatorRotatingSquaresAnimation.h; sourceTree = "<group>"; };
		CC2A1B9B2251F2C900F3288E /* DGActivityIndicatorLineScalePartyAnimation.h */ = {isa = PBXFileReference; fileEncoding = 4; lastKnownFileType = sourcecode.c.h; path = DGActivityIndicatorLineScalePartyAnimation.h; sourceTree = "<group>"; };
		CC2A1B9C2251F2C900F3288E /* DGActivityIndicatorRotatingTrigonAnimation.m */ = {isa = PBXFileReference; fileEncoding = 4; lastKnownFileType = sourcecode.c.objc; path = DGActivityIndicatorRotatingTrigonAnimation.m; sourceTree = "<group>"; };
		CC2A1B9D2251F2C900F3288E /* DGActivityIndicatorCookieTerminatorAnimation.h */ = {isa = PBXFileReference; fileEncoding = 4; lastKnownFileType = sourcecode.c.h; path = DGActivityIndicatorCookieTerminatorAnimation.h; sourceTree = "<group>"; };
		CC2A1B9E2251F2C900F3288E /* DGActivityIndicatorBallClipRotateAnimation.m */ = {isa = PBXFileReference; fileEncoding = 4; lastKnownFileType = sourcecode.c.objc; path = DGActivityIndicatorBallClipRotateAnimation.m; sourceTree = "<group>"; };
		CC2A1B9F2251F2C900F3288E /* DGActivityIndicatorLineScalePulseOutRapidAnimation.m */ = {isa = PBXFileReference; fileEncoding = 4; lastKnownFileType = sourcecode.c.objc; path = DGActivityIndicatorLineScalePulseOutRapidAnimation.m; sourceTree = "<group>"; };
		CC2A1BA02251F2C900F3288E /* DGActivityIndicatorDoubleBounceAnimation.h */ = {isa = PBXFileReference; fileEncoding = 4; lastKnownFileType = sourcecode.c.h; path = DGActivityIndicatorDoubleBounceAnimation.h; sourceTree = "<group>"; };
		CC2A1BA12251F2C900F3288E /* DGActivityIndicatorLineScalePulseOutAnimation.h */ = {isa = PBXFileReference; fileEncoding = 4; lastKnownFileType = sourcecode.c.h; path = DGActivityIndicatorLineScalePulseOutAnimation.h; sourceTree = "<group>"; };
		CC2A1BA22251F2C900F3288E /* DGActivityIndicatorBallZigZagAnimation.h */ = {isa = PBXFileReference; fileEncoding = 4; lastKnownFileType = sourcecode.c.h; path = DGActivityIndicatorBallZigZagAnimation.h; sourceTree = "<group>"; };
		CC2A1BA32251F2C900F3288E /* DGActivityIndicatorThreeDotsAnimation.h */ = {isa = PBXFileReference; fileEncoding = 4; lastKnownFileType = sourcecode.c.h; path = DGActivityIndicatorThreeDotsAnimation.h; sourceTree = "<group>"; };
		CC3A1946224CF7BC0055E798 /* DesignConstants.h */ = {isa = PBXFileReference; fileEncoding = 4; lastKnownFileType = sourcecode.c.h; path = DesignConstants.h; sourceTree = "<group>"; };
		CC3A1948224CF7BC0055E798 /* EmptyState.m */ = {isa = PBXFileReference; fileEncoding = 4; lastKnownFileType = sourcecode.c.objc; path = EmptyState.m; sourceTree = "<group>"; };
		CC3A1949224CF7BC0055E798 /* EmptyState.xib */ = {isa = PBXFileReference; fileEncoding = 4; lastKnownFileType = file.xib; path = EmptyState.xib; sourceTree = "<group>"; };
		CC3A194A224CF7BC0055E798 /* EmptyState.h */ = {isa = PBXFileReference; fileEncoding = 4; lastKnownFileType = sourcecode.c.h; path = EmptyState.h; sourceTree = "<group>"; };
		CC4E92FC225B155200F6E66C /* LoadingCell.h */ = {isa = PBXFileReference; lastKnownFileType = sourcecode.c.h; path = LoadingCell.h; sourceTree = "<group>"; };
		CC4E92FD225B155200F6E66C /* LoadingCell.m */ = {isa = PBXFileReference; lastKnownFileType = sourcecode.c.objc; path = LoadingCell.m; sourceTree = "<group>"; };
		CC4E92FE225B155200F6E66C /* LoadingCell.xib */ = {isa = PBXFileReference; lastKnownFileType = file.xib; path = LoadingCell.xib; sourceTree = "<group>"; };
		CC884D4C224E05FB00509023 /* ApiManager.h */ = {isa = PBXFileReference; lastKnownFileType = sourcecode.c.h; path = ApiManager.h; sourceTree = "<group>"; };
		CC884D4D224E05FB00509023 /* ApiManager.m */ = {isa = PBXFileReference; lastKnownFileType = sourcecode.c.objc; path = ApiManager.m; sourceTree = "<group>"; };
		CC884D51224E0ACD00509023 /* Reachability.m */ = {isa = PBXFileReference; fileEncoding = 4; lastKnownFileType = sourcecode.c.objc; path = Reachability.m; sourceTree = "<group>"; };
		CC884D52224E0ACD00509023 /* Reachability.h */ = {isa = PBXFileReference; fileEncoding = 4; lastKnownFileType = sourcecode.c.h; path = Reachability.h; sourceTree = "<group>"; };
		CC884D55224E0EE800509023 /* GitRepo.h */ = {isa = PBXFileReference; lastKnownFileType = sourcecode.c.h; path = GitRepo.h; sourceTree = "<group>"; };
		CC884D56224E0EE800509023 /* GitRepo.m */ = {isa = PBXFileReference; lastKnownFileType = sourcecode.c.objc; path = GitRepo.m; sourceTree = "<group>"; };
		CCA75560224E2FBA000A32F6 /* GitRepoCell.xib */ = {isa = PBXFileReference; fileEncoding = 4; lastKnownFileType = file.xib; path = GitRepoCell.xib; sourceTree = "<group>"; };
		CCA75561224E2FBA000A32F6 /* GitListViewController.h */ = {isa = PBXFileReference; fileEncoding = 4; lastKnownFileType = sourcecode.c.h; path = GitListViewController.h; sourceTree = "<group>"; };
		CCA75562224E2FBA000A32F6 /* GitRepoCell.h */ = {isa = PBXFileReference; fileEncoding = 4; lastKnownFileType = sourcecode.c.h; path = GitRepoCell.h; sourceTree = "<group>"; };
		CCA75563224E2FBA000A32F6 /* GitListViewController.m */ = {isa = PBXFileReference; fileEncoding = 4; lastKnownFileType = sourcecode.c.objc; path = GitListViewController.m; sourceTree = "<group>"; };
		CCA75564224E2FBA000A32F6 /* GitRepoCell.m */ = {isa = PBXFileReference; fileEncoding = 4; lastKnownFileType = sourcecode.c.objc; path = GitRepoCell.m; sourceTree = "<group>"; };
		CCF2057E224CC8D800E1A740 /* GitHub.app */ = {isa = PBXFileReference; explicitFileType = wrapper.application; includeInIndex = 0; path = GitHub.app; sourceTree = BUILT_PRODUCTS_DIR; };
		CCF20581224CC8D800E1A740 /* AppDelegate.h */ = {isa = PBXFileReference; lastKnownFileType = sourcecode.c.h; path = AppDelegate.h; sourceTree = "<group>"; };
		CCF20582224CC8D800E1A740 /* AppDelegate.m */ = {isa = PBXFileReference; lastKnownFileType = sourcecode.c.objc; path = AppDelegate.m; sourceTree = "<group>"; };
		CCF20588224CC8D800E1A740 /* Base */ = {isa = PBXFileReference; lastKnownFileType = file.storyboard; name = Base; path = Base.lproj/Main.storyboard; sourceTree = "<group>"; };
		CCF2058A224CC8D900E1A740 /* Assets.xcassets */ = {isa = PBXFileReference; lastKnownFileType = folder.assetcatalog; path = Assets.xcassets; sourceTree = "<group>"; };
		CCF2058D224CC8D900E1A740 /* Base */ = {isa = PBXFileReference; lastKnownFileType = file.storyboard; name = Base; path = Base.lproj/LaunchScreen.storyboard; sourceTree = "<group>"; };
		CCF2058F224CC8D900E1A740 /* Git-Info.plist */ = {isa = PBXFileReference; lastKnownFileType = text.plist.xml; path = "Git-Info.plist"; sourceTree = "<group>"; };
		CCF20590224CC8D900E1A740 /* main.m */ = {isa = PBXFileReference; lastKnownFileType = sourcecode.c.objc; path = main.m; sourceTree = "<group>"; };
/* End PBXFileReference section */

/* Begin PBXFrameworksBuildPhase section */
		CCF2057B224CC8D800E1A740 /* Frameworks */ = {
			isa = PBXFrameworksBuildPhase;
			buildActionMask = 2147483647;
			files = (
				70CE537C4F8D91D01131FF75 /* libPods-GitHub.a in Frameworks */,
			);
			runOnlyForDeploymentPostprocessing = 0;
		};
/* End PBXFrameworksBuildPhase section */

/* Begin PBXGroup section */
		18977D902124F02F99BF0DD3 /* Pods */ = {
			isa = PBXGroup;
			children = (
				985ACA58C84546E262FC2434 /* Pods-GitHub.debug.xcconfig */,
				19EBACFA5D8F55CB019F8B75 /* Pods-GitHub.release.xcconfig */,
			);
			name = Pods;
			sourceTree = "<group>";
		};
		CC2A1B572251F1CD00F3288E /* YBHud */ = {
			isa = PBXGroup;
			children = (
				CC2A1B5B2251F2C800F3288E /* DGActivityIndicatorView */,
				CC2A1B592251F1CD00F3288E /* YBHud.h */,
				CC2A1B582251F1CD00F3288E /* YBHud.m */,
			);
			path = YBHud;
			sourceTree = "<group>";
		};
		CC2A1B5B2251F2C800F3288E /* DGActivityIndicatorView */ = {
			isa = PBXGroup;
			children = (
				CC2A1B5C2251F2C800F3288E /* DGActivityIndicatorView.h */,
				CC2A1B5D2251F2C800F3288E /* DGActivityIndicatorView.m */,
				CC2A1B5E2251F2C800F3288E /* DGActivityIndicatorAnimationProtocol.h */,
				CC2A1B5F2251F2C800F3288E /* Animations */,
			);
			path = DGActivityIndicatorView;
			sourceTree = "<group>";
		};
		CC2A1B5F2251F2C800F3288E /* Animations */ = {
			isa = PBXGroup;
			children = (
				CC2A1B602251F2C800F3288E /* DGActivityIndicatorBallClipRotateMultipleAnimation.h */,
				CC2A1B612251F2C800F3288E /* DGActivityIndicatorTriangleSkewSpinAnimation.m */,
				CC2A1B622251F2C800F3288E /* DGActivityIndicatorTripleRingsAnimation.m */,
				CC2A1B632251F2C800F3288E /* DGActivityIndicatorBallGridBeatAnimation.h */,
				CC2A1B642251F2C800F3288E /* DGActivityIndicatorLineScaleAnimation.h */,
				CC2A1B652251F2C800F3288E /* DGActivityIndicatorTwoDotsAnimation.h */,
				CC2A1B662251F2C800F3288E /* DGActivityIndicatorNineDotsAnimation.h */,
				CC2A1B672251F2C800F3288E /* DGActivityIndicatorBallScaleRippleMultipleAnimation.h */,
				CC2A1B682251F2C800F3288E /* DGActivityIndicatorFiveDotsAnimation.h */,
				CC2A1B692251F2C800F3288E /* DGActivityIndicatorBallGridPulseAnimation.m */,
				CC2A1B6A2251F2C800F3288E /* DGActivityIndicatorBallScaleAnimation.h */,
				CC2A1B6B2251F2C800F3288E /* DGActivityIndicatorBallClipRotatePulseAnimation.m */,
				CC2A1B6C2251F2C800F3288E /* DGActivityIndicatorTriplePulseAnimation.m */,
				CC2A1B6D2251F2C800F3288E /* DGActivityIndicatorBallPulseSyncAnimation.h */,
				CC2A1B6E2251F2C900F3288E /* DGActivityIndicatorBallPulseAnimation.h */,
				CC2A1B6F2251F2C900F3288E /* DGActivityIndicatorAnimation.m */,
				CC2A1B702251F2C900F3288E /* DGActivityIndicatorRotatingSandglassAnimation.h */,
				CC2A1B712251F2C900F3288E /* DGActivityIndicatorBallTrianglePathAnimation.h */,
				CC2A1B722251F2C900F3288E /* DGActivityIndicatorRotatingSquaresAnimation.m */,
				CC2A1B732251F2C900F3288E /* DGActivityIndicatorBallBeatAnimation.h */,
				CC2A1B742251F2C900F3288E /* DGActivityIndicatorBallScaleMultipleAnimation.m */,
				CC2A1B752251F2C900F3288E /* DGActivityIndicatorBallZigZagDeflectAnimation.h */,
				CC2A1B762251F2C900F3288E /* DGActivityIndicatorBallSpinFadeLoader.h */,
				CC2A1B772251F2C900F3288E /* DGActivityIndicatorBallScaleRippleAnimation.m */,
				CC2A1B782251F2C900F3288E /* DGActivityIndicatorBallRotateAnimation.m */,
				CC2A1B792251F2C900F3288E /* DGActivityIndicatorBallZigZagAnimation.m */,
				CC2A1B7A2251F2C900F3288E /* DGActivityIndicatorThreeDotsAnimation.m */,
				CC2A1B7B2251F2C900F3288E /* DGActivityIndicatorLineScalePulseOutAnimation.m */,
				CC2A1B7C2251F2C900F3288E /* DGActivityIndicatorDoubleBounceAnimation.m */,
				CC2A1B7D2251F2C900F3288E /* DGActivityIndicatorLineScalePulseOutRapidAnimation.h */,
				CC2A1B7E2251F2C900F3288E /* DGActivityIndicatorBallClipRotateAnimation.h */,
				CC2A1B7F2251F2C900F3288E /* DGActivityIndicatorRotatingTrigonAnimation.h */,
				CC2A1B802251F2C900F3288E /* DGActivityIndicatorCookieTerminatorAnimation.m */,
				CC2A1B812251F2C900F3288E /* DGActivityIndicatorLineScalePartyAnimation.m */,
				CC2A1B822251F2C900F3288E /* DGActivityIndicatorLineScaleAnimation.m */,
				CC2A1B832251F2C900F3288E /* DGActivityIndicatorBallGridBeatAnimation.m */,
				CC2A1B842251F2C900F3288E /* DGActivityIndicatorTriangleSkewSpinAnimation.h */,
				CC2A1B852251F2C900F3288E /* DGActivityIndicatorBallClipRotateMultipleAnimation.m */,
				CC2A1B862251F2C900F3288E /* DGActivityIndicatorTripleRingsAnimation.h */,
				CC2A1B872251F2C900F3288E /* DGActivityIndicatorBallTrianglePathAnimation.m */,
				CC2A1B882251F2C900F3288E /* DGActivityIndicatorAnimation.h */,
				CC2A1B892251F2C900F3288E /* DGActivityIndicatorRotatingSandglassAnimation.m */,
				CC2A1B8A2251F2C900F3288E /* DGActivityIndicatorBallPulseAnimation.m */,
				CC2A1B8B2251F2C900F3288E /* DGActivityIndicatorBallPulseSyncAnimation.m */,
				CC2A1B8C2251F2C900F3288E /* DGActivityIndicatorTriplePulseAnimation.h */,
				CC2A1B8D2251F2C900F3288E /* DGActivityIndicatorBallClipRotatePulseAnimation.h */,
				CC2A1B8E2251F2C900F3288E /* DGActivityIndicatorBallScaleAnimation.m */,
				CC2A1B8F2251F2C900F3288E /* DGActivityIndicatorFiveDotsAnimation.m */,
				CC2A1B902251F2C900F3288E /* DGActivityIndicatorBallGridPulseAnimation.h */,
				CC2A1B912251F2C900F3288E /* DGActivityIndicatorBallScaleRippleMultipleAnimation.m */,
				CC2A1B922251F2C900F3288E /* DGActivityIndicatorNineDotsAnimation.m */,
				CC2A1B932251F2C900F3288E /* DGActivityIndicatorTwoDotsAnimation.m */,
				CC2A1B942251F2C900F3288E /* DGActivityIndicatorBallRotateAnimation.h */,
				CC2A1B952251F2C900F3288E /* DGActivityIndicatorBallScaleRippleAnimation.h */,
				CC2A1B962251F2C900F3288E /* DGActivityIndicatorBallSpinFadeLoader.m */,
				CC2A1B972251F2C900F3288E /* DGActivityIndicatorBallZigZagDeflectAnimation.m */,
				CC2A1B982251F2C900F3288E /* DGActivityIndicatorBallScaleMultipleAnimation.h */,
				CC2A1B992251F2C900F3288E /* DGActivityIndicatorBallBeatAnimation.m */,
				CC2A1B9A2251F2C900F3288E /* DGActivityIndicatorRotatingSquaresAnimation.h */,
				CC2A1B9B2251F2C900F3288E /* DGActivityIndicatorLineScalePartyAnimation.h */,
				CC2A1B9C2251F2C900F3288E /* DGActivityIndicatorRotatingTrigonAnimation.m */,
				CC2A1B9D2251F2C900F3288E /* DGActivityIndicatorCookieTerminatorAnimation.h */,
				CC2A1B9E2251F2C900F3288E /* DGActivityIndicatorBallClipRotateAnimation.m */,
				CC2A1B9F2251F2C900F3288E /* DGActivityIndicatorLineScalePulseOutRapidAnimation.m */,
				CC2A1BA02251F2C900F3288E /* DGActivityIndicatorDoubleBounceAnimation.h */,
				CC2A1BA12251F2C900F3288E /* DGActivityIndicatorLineScalePulseOutAnimation.h */,
				CC2A1BA22251F2C900F3288E /* DGActivityIndicatorBallZigZagAnimation.h */,
				CC2A1BA32251F2C900F3288E /* DGActivityIndicatorThreeDotsAnimation.h */,
			);
			path = Animations;
			sourceTree = "<group>";
		};
		CC3A1945224CF7BC0055E798 /* Constants */ = {
			isa = PBXGroup;
			children = (
				CC3A1946224CF7BC0055E798 /* DesignConstants.h */,
			);
			path = Constants;
			sourceTree = "<group>";
		};
		CC3A1947224CF7BC0055E798 /* EmptyState */ = {
			isa = PBXGroup;
			children = (
				CC3A194A224CF7BC0055E798 /* EmptyState.h */,
				CC3A1948224CF7BC0055E798 /* EmptyState.m */,
				CC3A1949224CF7BC0055E798 /* EmptyState.xib */,
			);
			path = EmptyState;
			sourceTree = "<group>";
		};
		CC884D4B224E05E000509023 /* APICall */ = {
			isa = PBXGroup;
			children = (
				CC884D4C224E05FB00509023 /* ApiManager.h */,
				CC884D4D224E05FB00509023 /* ApiManager.m */,
			);
			path = APICall;
			sourceTree = "<group>";
		};
		CC884D4F224E0ACD00509023 /* Libraries */ = {
			isa = PBXGroup;
			children = (
				CC2A1B572251F1CD00F3288E /* YBHud */,
				CC884D50224E0ACD00509023 /* Reachability */,
			);
			path = Libraries;
			sourceTree = "<group>";
		};
		CC884D50224E0ACD00509023 /* Reachability */ = {
			isa = PBXGroup;
			children = (
				CC884D52224E0ACD00509023 /* Reachability.h */,
				CC884D51224E0ACD00509023 /* Reachability.m */,
			);
			path = Reachability;
			sourceTree = "<group>";
		};
		CC884D54224E0ED800509023 /* Model */ = {
			isa = PBXGroup;
			children = (
				CC884D55224E0EE800509023 /* GitRepo.h */,
				CC884D56224E0EE800509023 /* GitRepo.m */,
			);
			path = Model;
			sourceTree = "<group>";
		};
		CCA7555F224E2FBA000A32F6 /* Trending */ = {
			isa = PBXGroup;
			children = (
				CCA75561224E2FBA000A32F6 /* GitListViewController.h */,
				CCA75563224E2FBA000A32F6 /* GitListViewController.m */,
				CCA75562224E2FBA000A32F6 /* GitRepoCell.h */,
				CCA75564224E2FBA000A32F6 /* GitRepoCell.m */,
				CCA75560224E2FBA000A32F6 /* GitRepoCell.xib */,
				CC4E92FC225B155200F6E66C /* LoadingCell.h */,
				CC4E92FD225B155200F6E66C /* LoadingCell.m */,
				CC4E92FE225B155200F6E66C /* LoadingCell.xib */,
			);
			path = Trending;
			sourceTree = "<group>";
		};
		CCF20575224CC8D800E1A740 = {
			isa = PBXGroup;
			children = (
				CCF20580224CC8D800E1A740 /* GitHub */,
				CCF2057F224CC8D800E1A740 /* Products */,
				18977D902124F02F99BF0DD3 /* Pods */,
				F322A4A44F1339E47ABC87E9 /* Frameworks */,
			);
			sourceTree = "<group>";
		};
		CCF2057F224CC8D800E1A740 /* Products */ = {
			isa = PBXGroup;
			children = (
				CCF2057E224CC8D800E1A740 /* GitHub.app */,
			);
			name = Products;
			sourceTree = "<group>";
		};
		CCF20580224CC8D800E1A740 /* GitHub */ = {
			isa = PBXGroup;
			children = (
				CC884D4F224E0ACD00509023 /* Libraries */,
				CC884D54224E0ED800509023 /* Model */,
				CC3A1945224CF7BC0055E798 /* Constants */,
				CCA7555F224E2FBA000A32F6 /* Trending */,
				CC884D4B224E05E000509023 /* APICall */,
				CC3A1947224CF7BC0055E798 /* EmptyState */,
				CCF20581224CC8D800E1A740 /* AppDelegate.h */,
				CCF20582224CC8D800E1A740 /* AppDelegate.m */,
				CCF20587224CC8D800E1A740 /* Main.storyboard */,
				CCF2058A224CC8D900E1A740 /* Assets.xcassets */,
				CCF2058C224CC8D900E1A740 /* LaunchScreen.storyboard */,
				CCF2058F224CC8D900E1A740 /* Git-Info.plist */,
				CCF20590224CC8D900E1A740 /* main.m */,
			);
			path = GitHub;
			sourceTree = "<group>";
		};
		F322A4A44F1339E47ABC87E9 /* Frameworks */ = {
			isa = PBXGroup;
			children = (
				358BFE195A818DE90EEFE9DD /* libPods-GitHub.a */,
			);
			name = Frameworks;
			sourceTree = "<group>";
		};
/* End PBXGroup section */

/* Begin PBXNativeTarget section */
		CCF2057D224CC8D800E1A740 /* GitHub */ = {
			isa = PBXNativeTarget;
			buildConfigurationList = CCF20594224CC8D900E1A740 /* Build configuration list for PBXNativeTarget "GitHub" */;
			buildPhases = (
				1B0B8EFBC577FD0311262C71 /* [CP] Check Pods Manifest.lock */,
				CCF2057A224CC8D800E1A740 /* Sources */,
				CCF2057B224CC8D800E1A740 /* Frameworks */,
				CCF2057C224CC8D800E1A740 /* Resources */,
			);
			buildRules = (
			);
			dependencies = (
			);
			name = GitHub;
			productName = GitHub;
			productReference = CCF2057E224CC8D800E1A740 /* GitHub.app */;
			productType = "com.apple.product-type.application";
		};
/* End PBXNativeTarget section */

/* Begin PBXProject section */
		CCF20576224CC8D800E1A740 /* Project object */ = {
			isa = PBXProject;
			attributes = {
				LastUpgradeCheck = 1010;
				ORGANIZATIONNAME = SafaaKh;
				TargetAttributes = {
					CCF2057D224CC8D800E1A740 = {
						CreatedOnToolsVersion = 10.1;
					};
				};
			};
			buildConfigurationList = CCF20579224CC8D800E1A740 /* Build configuration list for PBXProject "GitHub" */;
			compatibilityVersion = "Xcode 9.3";
			developmentRegion = en;
			hasScannedForEncodings = 0;
			knownRegions = (
				en,
				Base,
			);
			mainGroup = CCF20575224CC8D800E1A740;
			productRefGroup = CCF2057F224CC8D800E1A740 /* Products */;
			projectDirPath = "";
			projectRoot = "";
			targets = (
				CCF2057D224CC8D800E1A740 /* GitHub */,
			);
		};
/* End PBXProject section */

/* Begin PBXResourcesBuildPhase section */
		CCF2057C224CC8D800E1A740 /* Resources */ = {
			isa = PBXResourcesBuildPhase;
			buildActionMask = 2147483647;
			files = (
				CCF2058E224CC8D900E1A740 /* LaunchScreen.storyboard in Resources */,
				CCA75565224E2FBA000A32F6 /* GitRepoCell.xib in Resources */,
				CC4E9300225B155200F6E66C /* LoadingCell.xib in Resources */,
				CC3A194C224CF7BD0055E798 /* EmptyState.xib in Resources */,
				CCF2058B224CC8D900E1A740 /* Assets.xcassets in Resources */,
				CCF20589224CC8D800E1A740 /* Main.storyboard in Resources */,
			);
			runOnlyForDeploymentPostprocessing = 0;
		};
/* End PBXResourcesBuildPhase section */

/* Begin PBXShellScriptBuildPhase section */
		1B0B8EFBC577FD0311262C71 /* [CP] Check Pods Manifest.lock */ = {
			isa = PBXShellScriptBuildPhase;
			buildActionMask = 2147483647;
			files = (
			);
			inputPaths = (
				"${PODS_PODFILE_DIR_PATH}/Podfile.lock",
				"${PODS_ROOT}/Manifest.lock",
			);
			name = "[CP] Check Pods Manifest.lock";
			outputPaths = (
				"$(DERIVED_FILE_DIR)/Pods-GitHub-checkManifestLockResult.txt",
			);
			runOnlyForDeploymentPostprocessing = 0;
			shellPath = /bin/sh;
			shellScript = "diff \"${PODS_PODFILE_DIR_PATH}/Podfile.lock\" \"${PODS_ROOT}/Manifest.lock\" > /dev/null\nif [ $? != 0 ] ; then\n    # print error to STDERR\n    echo \"error: The sandbox is not in sync with the Podfile.lock. Run 'pod install' or update your CocoaPods installation.\" >&2\n    exit 1\nfi\n# This output is used by Xcode 'outputs' to avoid re-running this script phase.\necho \"SUCCESS\" > \"${SCRIPT_OUTPUT_FILE_0}\"\n";
			showEnvVarsInLog = 0;
		};
/* End PBXShellScriptBuildPhase section */

/* Begin PBXSourcesBuildPhase section */
		CCF2057A224CC8D800E1A740 /* Sources */ = {
			isa = PBXSourcesBuildPhase;
			buildActionMask = 2147483647;
			files = (
				CC2A1BB42251F2C900F3288E /* DGActivityIndicatorLineScalePartyAnimation.m in Sources */,
				CC2A1BC02251F2C900F3288E /* DGActivityIndicatorTwoDotsAnimation.m in Sources */,
				CC2A1BAF2251F2C900F3288E /* DGActivityIndicatorBallZigZagAnimation.m in Sources */,
				CC2A1BB02251F2C900F3288E /* DGActivityIndicatorThreeDotsAnimation.m in Sources */,
				CC2A1BB32251F2C900F3288E /* DGActivityIndicatorCookieTerminatorAnimation.m in Sources */,
				CC2A1BC22251F2C900F3288E /* DGActivityIndicatorBallZigZagDeflectAnimation.m in Sources */,
				CC2A1BA92251F2C900F3288E /* DGActivityIndicatorTriplePulseAnimation.m in Sources */,
				CC2A1BB92251F2C900F3288E /* DGActivityIndicatorRotatingSandglassAnimation.m in Sources */,
				CC2A1BA62251F2C900F3288E /* DGActivityIndicatorTripleRingsAnimation.m in Sources */,
				CC2A1B5A2251F1CD00F3288E /* YBHud.m in Sources */,
				CC2A1BBC2251F2C900F3288E /* DGActivityIndicatorBallScaleAnimation.m in Sources */,
				CC2A1BAB2251F2C900F3288E /* DGActivityIndicatorRotatingSquaresAnimation.m in Sources */,
				CC2A1BB12251F2C900F3288E /* DGActivityIndicatorLineScalePulseOutAnimation.m in Sources */,
				CCA75566224E2FBA000A32F6 /* GitListViewController.m in Sources */,
				CC2A1BA42251F2C900F3288E /* DGActivityIndicatorView.m in Sources */,
				CC2A1BB22251F2C900F3288E /* DGActivityIndicatorDoubleBounceAnimation.m in Sources */,
				CC3A194B224CF7BD0055E798 /* EmptyState.m in Sources */,
				CC2A1BA72251F2C900F3288E /* DGActivityIndicatorBallGridPulseAnimation.m in Sources */,
				CC2A1BB82251F2C900F3288E /* DGActivityIndicatorBallTrianglePathAnimation.m in Sources */,
				CCF20591224CC8D900E1A740 /* main.m in Sources */,
				CC2A1BB52251F2C900F3288E /* DGActivityIndicatorLineScaleAnimation.m in Sources */,
				CC2A1BC52251F2C900F3288E /* DGActivityIndicatorBallClipRotateAnimation.m in Sources */,
				CC2A1BC32251F2C900F3288E /* DGActivityIndicatorBallBeatAnimation.m in Sources */,
				CCF20583224CC8D800E1A740 /* AppDelegate.m in Sources */,
				CC2A1BC42251F2C900F3288E /* DGActivityIndicatorRotatingTrigonAnimation.m in Sources */,
				CC2A1BBD2251F2C900F3288E /* DGActivityIndicatorFiveDotsAnimation.m in Sources */,
				CC2A1BAE2251F2C900F3288E /* DGActivityIndicatorBallRotateAnimation.m in Sources */,
				CC884D53224E0ACD00509023 /* Reachability.m in Sources */,
				CC2A1BAD2251F2C900F3288E /* DGActivityIndicatorBallScaleRippleAnimation.m in Sources */,
				CC2A1BBF2251F2C900F3288E /* DGActivityIndicatorNineDotsAnimation.m in Sources */,
				CC884D57224E0EE800509023 /* GitRepo.m in Sources */,
				CCA75567224E2FBA000A32F6 /* GitRepoCell.m in Sources */,
				CC2A1BA52251F2C900F3288E /* DGActivityIndicatorTriangleSkewSpinAnimation.m in Sources */,
				CC2A1BAC2251F2C900F3288E /* DGActivityIndicatorBallScaleMultipleAnimation.m in Sources */,
				CC2A1BBB2251F2C900F3288E /* DGActivityIndicatorBallPulseSyncAnimation.m in Sources */,
				CC2A1BA82251F2C900F3288E /* DGActivityIndicatorBallClipRotatePulseAnimation.m in Sources */,
				CC2A1BBA2251F2C900F3288E /* DGActivityIndicatorBallPulseAnimation.m in Sources */,
				CC2A1BC62251F2C900F3288E /* DGActivityIndicatorLineScalePulseOutRapidAnimation.m in Sources */,
				CC2A1BAA2251F2C900F3288E /* DGActivityIndicatorAnimation.m in Sources */,
				CC2A1BBE2251F2C900F3288E /* DGActivityIndicatorBallScaleRippleMultipleAnimation.m in Sources */,
				CC4E92FF225B155200F6E66C /* LoadingCell.m in Sources */,
				CC884D4E224E05FB00509023 /* ApiManager.m in Sources */,
				CC2A1BB72251F2C900F3288E /* DGActivityIndicatorBallClipRotateMultipleAnimation.m in Sources */,
				CC2A1BC12251F2C900F3288E /* DGActivityIndicatorBallSpinFadeLoader.m in Sources */,
				CC2A1BB62251F2C900F3288E /* DGActivityIndicatorBallGridBeatAnimation.m in Sources */,
			);
			runOnlyForDeploymentPostprocessing = 0;
		};
/* End PBXSourcesBuildPhase section */

/* Begin PBXVariantGroup section */
		CCF20587224CC8D800E1A740 /* Main.storyboard */ = {
			isa = PBXVariantGroup;
			children = (
				CCF20588224CC8D800E1A740 /* Base */,
			);
			name = Main.storyboard;
			sourceTree = "<group>";
		};
		CCF2058C224CC8D900E1A740 /* LaunchScreen.storyboard */ = {
			isa = PBXVariantGroup;
			children = (
				CCF2058D224CC8D900E1A740 /* Base */,
			);
			name = LaunchScreen.storyboard;
			sourceTree = "<group>";
		};
/* End PBXVariantGroup section */

/* Begin XCBuildConfiguration section */
		CCF20592224CC8D900E1A740 /* Debug */ = {
			isa = XCBuildConfiguration;
			buildSettings = {
				ALWAYS_SEARCH_USER_PATHS = NO;
				CLANG_ANALYZER_NONNULL = YES;
				CLANG_ANALYZER_NUMBER_OBJECT_CONVERSION = YES_AGGRESSIVE;
				CLANG_CXX_LANGUAGE_STANDARD = "gnu++14";
				CLANG_CXX_LIBRARY = "libc++";
				CLANG_ENABLE_MODULES = YES;
				CLANG_ENABLE_OBJC_ARC = YES;
				CLANG_ENABLE_OBJC_WEAK = YES;
				CLANG_WARN_BLOCK_CAPTURE_AUTORELEASING = YES;
				CLANG_WARN_BOOL_CONVERSION = YES;
				CLANG_WARN_COMMA = YES;
				CLANG_WARN_CONSTANT_CONVERSION = YES;
				CLANG_WARN_DEPRECATED_OBJC_IMPLEMENTATIONS = YES;
				CLANG_WARN_DIRECT_OBJC_ISA_USAGE = YES_ERROR;
				CLANG_WARN_DOCUMENTATION_COMMENTS = YES;
				CLANG_WARN_EMPTY_BODY = YES;
				CLANG_WARN_ENUM_CONVERSION = YES;
				CLANG_WARN_INFINITE_RECURSION = YES;
				CLANG_WARN_INT_CONVERSION = YES;
				CLANG_WARN_NON_LITERAL_NULL_CONVERSION = YES;
				CLANG_WARN_OBJC_IMPLICIT_RETAIN_SELF = YES;
				CLANG_WARN_OBJC_LITERAL_CONVERSION = YES;
				CLANG_WARN_OBJC_ROOT_CLASS = YES_ERROR;
				CLANG_WARN_RANGE_LOOP_ANALYSIS = YES;
				CLANG_WARN_STRICT_PROTOTYPES = YES;
				CLANG_WARN_SUSPICIOUS_MOVE = YES;
				CLANG_WARN_UNGUARDED_AVAILABILITY = YES_AGGRESSIVE;
				CLANG_WARN_UNREACHABLE_CODE = YES;
				CLANG_WARN__DUPLICATE_METHOD_MATCH = YES;
				CODE_SIGN_IDENTITY = "iPhone Developer";
				COPY_PHASE_STRIP = NO;
				DEBUG_INFORMATION_FORMAT = dwarf;
				ENABLE_STRICT_OBJC_MSGSEND = YES;
				ENABLE_TESTABILITY = YES;
				GCC_C_LANGUAGE_STANDARD = gnu11;
				GCC_DYNAMIC_NO_PIC = NO;
				GCC_NO_COMMON_BLOCKS = YES;
				GCC_OPTIMIZATION_LEVEL = 0;
				GCC_PREPROCESSOR_DEFINITIONS = (
					"DEBUG=1",
					"$(inherited)",
				);
				GCC_WARN_64_TO_32_BIT_CONVERSION = YES;
				GCC_WARN_ABOUT_RETURN_TYPE = YES_ERROR;
				GCC_WARN_UNDECLARED_SELECTOR = YES;
				GCC_WARN_UNINITIALIZED_AUTOS = YES_AGGRESSIVE;
				GCC_WARN_UNUSED_FUNCTION = YES;
				GCC_WARN_UNUSED_VARIABLE = YES;
				IPHONEOS_DEPLOYMENT_TARGET = 12.1;
				MTL_ENABLE_DEBUG_INFO = INCLUDE_SOURCE;
				MTL_FAST_MATH = YES;
				ONLY_ACTIVE_ARCH = YES;
				SDKROOT = iphoneos;
			};
			name = Debug;
		};
		CCF20593224CC8D900E1A740 /* Release */ = {
			isa = XCBuildConfiguration;
			buildSettings = {
				ALWAYS_SEARCH_USER_PATHS = NO;
				CLANG_ANALYZER_NONNULL = YES;
				CLANG_ANALYZER_NUMBER_OBJECT_CONVERSION = YES_AGGRESSIVE;
				CLANG_CXX_LANGUAGE_STANDARD = "gnu++14";
				CLANG_CXX_LIBRARY = "libc++";
				CLANG_ENABLE_MODULES = YES;
				CLANG_ENABLE_OBJC_ARC = YES;
				CLANG_ENABLE_OBJC_WEAK = YES;
				CLANG_WARN_BLOCK_CAPTURE_AUTORELEASING = YES;
				CLANG_WARN_BOOL_CONVERSION = YES;
				CLANG_WARN_COMMA = YES;
				CLANG_WARN_CONSTANT_CONVERSION = YES;
				CLANG_WARN_DEPRECATED_OBJC_IMPLEMENTATIONS = YES;
				CLANG_WARN_DIRECT_OBJC_ISA_USAGE = YES_ERROR;
				CLANG_WARN_DOCUMENTATION_COMMENTS = YES;
				CLANG_WARN_EMPTY_BODY = YES;
				CLANG_WARN_ENUM_CONVERSION = YES;
				CLANG_WARN_INFINITE_RECURSION = YES;
				CLANG_WARN_INT_CONVERSION = YES;
				CLANG_WARN_NON_LITERAL_NULL_CONVERSION = YES;
				CLANG_WARN_OBJC_IMPLICIT_RETAIN_SELF = YES;
				CLANG_WARN_OBJC_LITERAL_CONVERSION = YES;
				CLANG_WARN_OBJC_ROOT_CLASS = YES_ERROR;
				CLANG_WARN_RANGE_LOOP_ANALYSIS = YES;
				CLANG_WARN_STRICT_PROTOTYPES = YES;
				CLANG_WARN_SUSPICIOUS_MOVE = YES;
				CLANG_WARN_UNGUARDED_AVAILABILITY = YES_AGGRESSIVE;
				CLANG_WARN_UNREACHABLE_CODE = YES;
				CLANG_WARN__DUPLICATE_METHOD_MATCH = YES;
				CODE_SIGN_IDENTITY = "iPhone Developer";
				COPY_PHASE_STRIP = NO;
				DEBUG_INFORMATION_FORMAT = "dwarf-with-dsym";
				ENABLE_NS_ASSERTIONS = NO;
				ENABLE_STRICT_OBJC_MSGSEND = YES;
				GCC_C_LANGUAGE_STANDARD = gnu11;
				GCC_NO_COMMON_BLOCKS = YES;
				GCC_WARN_64_TO_32_BIT_CONVERSION = YES;
				GCC_WARN_ABOUT_RETURN_TYPE = YES_ERROR;
				GCC_WARN_UNDECLARED_SELECTOR = YES;
				GCC_WARN_UNINITIALIZED_AUTOS = YES_AGGRESSIVE;
				GCC_WARN_UNUSED_FUNCTION = YES;
				GCC_WARN_UNUSED_VARIABLE = YES;
				IPHONEOS_DEPLOYMENT_TARGET = 12.1;
				MTL_ENABLE_DEBUG_INFO = NO;
				MTL_FAST_MATH = YES;
				SDKROOT = iphoneos;
				VALIDATE_PRODUCT = YES;
			};
			name = Release;
		};
		CCF20595224CC8D900E1A740 /* Debug */ = {
			isa = XCBuildConfiguration;
			baseConfigurationReference = 985ACA58C84546E262FC2434 /* Pods-GitHub.debug.xcconfig */;
			buildSettings = {
				ASSETCATALOG_COMPILER_APPICON_NAME = AppIcon;
				CODE_SIGN_STYLE = Automatic;
				DEVELOPMENT_TEAM = 46V53778K7;
				INFOPLIST_FILE = "$(SRCROOT)/GitHub/Git-Info.plist";
				IPHONEOS_DEPLOYMENT_TARGET = 11.0;
				LD_RUNPATH_SEARCH_PATHS = (
					"$(inherited)",
					"@executable_path/Frameworks",
				);
				PRODUCT_BUNDLE_IDENTIFIER = demo.github.com.GitHub;
				PRODUCT_NAME = "$(TARGET_NAME)";
				TARGETED_DEVICE_FAMILY = "1,2";
			};
			name = Debug;
		};
		CCF20596224CC8D900E1A740 /* Release */ = {
			isa = XCBuildConfiguration;
			baseConfigurationReference = 19EBACFA5D8F55CB019F8B75 /* Pods-GitHub.release.xcconfig */;
			buildSettings = {
				ASSETCATALOG_COMPILER_APPICON_NAME = AppIcon;
				CODE_SIGN_STYLE = Automatic;
				DEVELOPMENT_TEAM = 46V53778K7;
				INFOPLIST_FILE = "$(SRCROOT)/GitHub/Git-Info.plist";
				IPHONEOS_DEPLOYMENT_TARGET = 11.0;
				LD_RUNPATH_SEARCH_PATHS = (
					"$(inherited)",
					"@executable_path/Frameworks",
				);
				PRODUCT_BUNDLE_IDENTIFIER = demo.github.com.GitHub;
				PRODUCT_NAME = "$(TARGET_NAME)";
				TARGETED_DEVICE_FAMILY = "1,2";
			};
			name = Release;
		};
/* End XCBuildConfiguration section */

/* Begin XCConfigurationList section */
		CCF20579224CC8D800E1A740 /* Build configuration list for PBXProject "GitHub" */ = {
			isa = XCConfigurationList;
			buildConfigurations = (
				CCF20592224CC8D900E1A740 /* Debug */,
				CCF20593224CC8D900E1A740 /* Release */,
			);
			defaultConfigurationIsVisible = 0;
			defaultConfigurationName = Release;
		};
		CCF20594224CC8D900E1A740 /* Build configuration list for PBXNativeTarget "GitHub" */ = {
			isa = XCConfigurationList;
			buildConfigurations = (
				CCF20595224CC8D900E1A740 /* Debug */,
				CCF20596224CC8D900E1A740 /* Release */,
			);
			defaultConfigurationIsVisible = 0;
			defaultConfigurationName = Release;
		};
/* End XCConfigurationList section */
	};
	rootObject = CCF20576224CC8D800E1A740 /* Project object */;
}
